
Microsoft Visual Studio Solution File, Format Version 12.00
# Visual Studio Version 17
VisualStudioVersion = 17.3.32929.385
MinimumVisualStudioVersion = 10.0.40219.1
Project("{9A19103F-16F7-4668-BE54-9A1E7A4F7556}") = "ED9ACS_HFT_2022232 Client", "ED9ACS_HFT_2022232.Client\ED9ACS_HFT_2022232 Client.csproj", "{59D0D28E-5DDF-48CC-AED1-0A860A50848F}"
EndProject
Project("{9A19103F-16F7-4668-BE54-9A1E7A4F7556}") = "ED9ACS_HFT_2022232 Models", "ED9ACS_HFT_2022232 Models\ED9ACS_HFT_2022232 Models.csproj", "{14092A45-9F07-4D83-BD4E-A95381E49F0A}"
EndProject
Project("{9A19103F-16F7-4668-BE54-9A1E7A4F7556}") = "ED9ACS_HFT_2022232 Logic", "ED9ACS_HFT_2022232 Logic\ED9ACS_HFT_2022232 Logic.csproj", "{45ED76E1-8C5C-45EB-8393-0B3498DD91A5}"
EndProject
Project("{9A19103F-16F7-4668-BE54-9A1E7A4F7556}") = "ED9ACS_HFT_2022232 Repository", "ED9ACS_HFT_2022232 Repository\ED9ACS_HFT_2022232 Repository.csproj", "{1411D5DF-5D45-4D04-8C09-6687CA008537}"
EndProject
Project("{9A19103F-16F7-4668-BE54-9A1E7A4F7556}") = "ED9ACS_HFT_2022232 Endpoint", "ED9ACS_HFT_2022232 Endpoint\ED9ACS_HFT_2022232 Endpoint.csproj", "{96B8136F-0F57-462F-9ECB-76AC19FF5108}"
EndProject
Project("{9A19103F-16F7-4668-BE54-9A1E7A4F7556}") = "ED9ACS_HFT_2022232 Test", "ED9ACS_HFT_2022232 Test\ED9ACS_HFT_2022232 Test.csproj", "{33757726-AA45-45F5-BD17-5FE9A073128B}"
EndProject
Project("{2150E333-8FDC-42A3-9474-1A3956D46DE8}") = "Backend", "Backend", "{0AAA9F11-4EF3-470E-9C30-663A213737E1}"
EndProject
Project("{2150E333-8FDC-42A3-9474-1A3956D46DE8}") = "Frontend", "Frontend", "{47132A1A-6119-42AF-9336-6A00766C33DE}"
EndProject
Project("{2150E333-8FDC-42A3-9474-1A3956D46DE8}") = "Shared", "Shared", "{8168E95E-52BE-400F-A2D0-D8CD5A2D7753}"
EndProject
Global
	GlobalSection(SolutionConfigurationPlatforms) = preSolution
		Debug|Any CPU = Debug|Any CPU
		Release|Any CPU = Release|Any CPU
	EndGlobalSection
	GlobalSection(ProjectConfigurationPlatforms) = postSolution
		{59D0D28E-5DDF-48CC-AED1-0A860A50848F}.Debug|Any CPU.ActiveCfg = Debug|Any CPU
		{59D0D28E-5DDF-48CC-AED1-0A860A50848F}.Debug|Any CPU.Build.0 = Debug|Any CPU
		{59D0D28E-5DDF-48CC-AED1-0A860A50848F}.Release|Any CPU.ActiveCfg = Release|Any CPU
		{59D0D28E-5DDF-48CC-AED1-0A860A50848F}.Release|Any CPU.Build.0 = Release|Any CPU
		{14092A45-9F07-4D83-BD4E-A95381E49F0A}.Debug|Any CPU.ActiveCfg = Debug|Any CPU
		{14092A45-9F07-4D83-BD4E-A95381E49F0A}.Debug|Any CPU.Build.0 = Debug|Any CPU
		{14092A45-9F07-4D83-BD4E-A95381E49F0A}.Release|Any CPU.ActiveCfg = Release|Any CPU
		{14092A45-9F07-4D83-BD4E-A95381E49F0A}.Release|Any CPU.Build.0 = Release|Any CPU
		{45ED76E1-8C5C-45EB-8393-0B3498DD91A5}.Debug|Any CPU.ActiveCfg = Debug|Any CPU
		{45ED76E1-8C5C-45EB-8393-0B3498DD91A5}.Debug|Any CPU.Build.0 = Debug|Any CPU
		{45ED76E1-8C5C-45EB-8393-0B3498DD91A5}.Release|Any CPU.ActiveCfg = Release|Any CPU
		{45ED76E1-8C5C-45EB-8393-0B3498DD91A5}.Release|Any CPU.Build.0 = Release|Any CPU
		{1411D5DF-5D45-4D04-8C09-6687CA008537}.Debug|Any CPU.ActiveCfg = Debug|Any CPU
		{1411D5DF-5D45-4D04-8C09-6687CA008537}.Debug|Any CPU.Build.0 = Debug|Any CPU
		{1411D5DF-5D45-4D04-8C09-6687CA008537}.Release|Any CPU.ActiveCfg = Release|Any CPU
		{1411D5DF-5D45-4D04-8C09-6687CA008537}.Release|Any CPU.Build.0 = Release|Any CPU
		{96B8136F-0F57-462F-9ECB-76AC19FF5108}.Debug|Any CPU.ActiveCfg = Debug|Any CPU
		{96B8136F-0F57-462F-9ECB-76AC19FF5108}.Debug|Any CPU.Build.0 = Debug|Any CPU
		{96B8136F-0F57-462F-9ECB-76AC19FF5108}.Release|Any CPU.ActiveCfg = Release|Any CPU
		{96B8136F-0F57-462F-9ECB-76AC19FF5108}.Release|Any CPU.Build.0 = Release|Any CPU
		{33757726-AA45-45F5-BD17-5FE9A073128B}.Debug|Any CPU.ActiveCfg = Debug|Any CPU
		{33757726-AA45-45F5-BD17-5FE9A073128B}.Debug|Any CPU.Build.0 = Debug|Any CPU
		{33757726-AA45-45F5-BD17-5FE9A073128B}.Release|Any CPU.ActiveCfg = Release|Any CPU
		{33757726-AA45-45F5-BD17-5FE9A073128B}.Release|Any CPU.Build.0 = Release|Any CPU
	EndGlobalSection
	GlobalSection(SolutionProperties) = preSolution
		HideSolutionNode = FALSE
	EndGlobalSection
	GlobalSection(NestedProjects) = preSolution
		{59D0D28E-5DDF-48CC-AED1-0A860A50848F} = {47132A1A-6119-42AF-9336-6A00766C33DE}
		{14092A45-9F07-4D83-BD4E-A95381E49F0A} = {8168E95E-52BE-400F-A2D0-D8CD5A2D7753}
		{45ED76E1-8C5C-45EB-8393-0B3498DD91A5} = {0AAA9F11-4EF3-470E-9C30-663A213737E1}
		{1411D5DF-5D45-4D04-8C09-6687CA008537} = {0AAA9F11-4EF3-470E-9C30-663A213737E1}
		{96B8136F-0F57-462F-9ECB-76AC19FF5108} = {0AAA9F11-4EF3-470E-9C30-663A213737E1}
		{33757726-AA45-45F5-BD17-5FE9A073128B} = {0AAA9F11-4EF3-470E-9C30-663A213737E1}
	EndGlobalSection
	GlobalSection(ExtensibilityGlobals) = postSolution
		SolutionGuid = {B02AD5F4-3540-49BD-9918-8D4B78F64B0A}
	EndGlobalSection
EndGlobal
